<?xml version="1.0" encoding="utf-8"?>
<Project ToolsVersion="4.0" xmlns="http://schemas.microsoft.com/developer/msbuild/2003">
  <ItemGroup>
    <ClCompile Include="WinMsgFormatterTest.cpp" />
    <ClCompile Include="pch.cpp" />
    <ClCompile Include="..\WindowClass.cpp" />
    <ClCompile Include="WindowClassTest.cpp" />
    <ClCompile Include="..\WinError.cpp" />
    <ClCompile Include="WindowTest.cpp" />
    <ClCompile Include="..\Window.cpp" />
    <ClCompile Include="..\Keyboard.cpp" />
  </ItemGroup>
  <ItemGroup>
    <ClInclude Include="pch.h" />
  </ItemGroup>
  <ItemGroup>
    <None Include="packages.config" />
  </ItemGroup>
</Project>